// !$*UTF8*$!
{
	archiveVersion = 1;
	classes = {
	};
	objectVersion = 51;
	objects = {

/* Begin PBXBuildFile section */
		5207F89E272FF5AD00299608 /* PhotoUser.swift in Sources */ = {isa = PBXBuildFile; fileRef = 5207F89D272FF5AD00299608 /* PhotoUser.swift */; };
		5207F8A0272FF5F800299608 /* UserService.swift in Sources */ = {isa = PBXBuildFile; fileRef = 5207F89F272FF5F800299608 /* UserService.swift */; };
		5207F8A2272FFF3200299608 /* Constants.swift in Sources */ = {isa = PBXBuildFile; fileRef = 5207F8A1272FFF3200299608 /* Constants.swift */; };
		5211A3B127355444009CE7E8 /* PhotoCell.swift in Sources */ = {isa = PBXBuildFile; fileRef = 5211A3B027355444009CE7E8 /* PhotoCell.swift */; };
		5211A3B327356BB8009CE7E8 /* ImageCacheService.swift in Sources */ = {isa = PBXBuildFile; fileRef = 5211A3B227356BB8009CE7E8 /* ImageCacheService.swift */; };
		523AE57E2733D6E300FE4567 /* LocalStorageService.swift in Sources */ = {isa = PBXBuildFile; fileRef = 523AE57D2733D6E300FE4567 /* LocalStorageService.swift */; };
		523AE5802733F02100FE4567 /* MainTabBarController.swift in Sources */ = {isa = PBXBuildFile; fileRef = 523AE57F2733F02100FE4567 /* MainTabBarController.swift */; };
		523AE5822734010200FE4567 /* Photo.swift in Sources */ = {isa = PBXBuildFile; fileRef = 523AE5812734010200FE4567 /* Photo.swift */; };
		523AE5842734018F00FE4567 /* PhotoService.swift in Sources */ = {isa = PBXBuildFile; fileRef = 523AE5832734018F00FE4567 /* PhotoService.swift */; };
		5249B73A272D640B00C8A1A6 /* LoginViewController.swift in Sources */ = {isa = PBXBuildFile; fileRef = 5249B739272D640B00C8A1A6 /* LoginViewController.swift */; };
		5249B73C272D65A800C8A1A6 /* CreateProfileViewController.swift in Sources */ = {isa = PBXBuildFile; fileRef = 5249B73B272D65A800C8A1A6 /* CreateProfileViewController.swift */; };
		5249B73E272D6C3D00C8A1A6 /* FeedViewController.swift in Sources */ = {isa = PBXBuildFile; fileRef = 5249B73D272D6C3D00C8A1A6 /* FeedViewController.swift */; };
		5249B740272D6CFA00C8A1A6 /* CameraViewController.swift in Sources */ = {isa = PBXBuildFile; fileRef = 5249B73F272D6CFA00C8A1A6 /* CameraViewController.swift */; };
		5249B742272D6D0800C8A1A6 /* SettingsViewController.swift in Sources */ = {isa = PBXBuildFile; fileRef = 5249B741272D6D0800C8A1A6 /* SettingsViewController.swift */; };
		52EB2AE2272C71FF00EA9AF3 /* AppDelegate.swift in Sources */ = {isa = PBXBuildFile; fileRef = 52EB2AE1272C71FF00EA9AF3 /* AppDelegate.swift */; };
		52EB2AE4272C71FF00EA9AF3 /* SceneDelegate.swift in Sources */ = {isa = PBXBuildFile; fileRef = 52EB2AE3272C71FF00EA9AF3 /* SceneDelegate.swift */; };
		52EB2AE9272C71FF00EA9AF3 /* Main.storyboard in Resources */ = {isa = PBXBuildFile; fileRef = 52EB2AE7272C71FF00EA9AF3 /* Main.storyboard */; };
		52EB2AEB272C71FF00EA9AF3 /* Assets.xcassets in Resources */ = {isa = PBXBuildFile; fileRef = 52EB2AEA272C71FF00EA9AF3 /* Assets.xcassets */; };
		52EB2AEE272C71FF00EA9AF3 /* LaunchScreen.storyboard in Resources */ = {isa = PBXBuildFile; fileRef = 52EB2AEC272C71FF00EA9AF3 /* LaunchScreen.storyboard */; };
		52EB2AF6272C728600EA9AF3 /* GoogleService-Info.plist in Resources */ = {isa = PBXBuildFile; fileRef = 52EB2AF5272C728600EA9AF3 /* GoogleService-Info.plist */; };
		DD6319EF0957055A1A05382D /* Pods_PhotoApp.framework in Frameworks */ = {isa = PBXBuildFile; fileRef = 6774722B555C9DB1A21B54F6 /* Pods_PhotoApp.framework */; };
/* End PBXBuildFile section */

/* Begin PBXFileReference section */
		4DA634EFF145A35C8742CC3C /* Pods-PhotoApp.debug.xcconfig */ = {isa = PBXFileReference; includeInIndex = 1; lastKnownFileType = text.xcconfig; name = "Pods-PhotoApp.debug.xcconfig"; path = "Target Support Files/Pods-PhotoApp/Pods-PhotoApp.debug.xcconfig"; sourceTree = "<group>"; };
		5207F89D272FF5AD00299608 /* PhotoUser.swift */ = {isa = PBXFileReference; lastKnownFileType = sourcecode.swift; path = PhotoUser.swift; sourceTree = "<group>"; };
		5207F89F272FF5F800299608 /* UserService.swift */ = {isa = PBXFileReference; lastKnownFileType = sourcecode.swift; path = UserService.swift; sourceTree = "<group>"; };
		5207F8A1272FFF3200299608 /* Constants.swift */ = {isa = PBXFileReference; lastKnownFileType = sourcecode.swift; path = Constants.swift; sourceTree = "<group>"; };
		5211A3B027355444009CE7E8 /* PhotoCell.swift */ = {isa = PBXFileReference; lastKnownFileType = sourcecode.swift; path = PhotoCell.swift; sourceTree = "<group>"; };
		5211A3B227356BB8009CE7E8 /* ImageCacheService.swift */ = {isa = PBXFileReference; lastKnownFileType = sourcecode.swift; path = ImageCacheService.swift; sourceTree = "<group>"; };
		523AE57D2733D6E300FE4567 /* LocalStorageService.swift */ = {isa = PBXFileReference; lastKnownFileType = sourcecode.swift; path = LocalStorageService.swift; sourceTree = "<group>"; };
		523AE57F2733F02100FE4567 /* MainTabBarController.swift */ = {isa = PBXFileReference; lastKnownFileType = sourcecode.swift; path = MainTabBarController.swift; sourceTree = "<group>"; };
		523AE5812734010200FE4567 /* Photo.swift */ = {isa = PBXFileReference; lastKnownFileType = sourcecode.swift; path = Photo.swift; sourceTree = "<group>"; };
		523AE5832734018F00FE4567 /* PhotoService.swift */ = {isa = PBXFileReference; lastKnownFileType = sourcecode.swift; path = PhotoService.swift; sourceTree = "<group>"; };
		5249B739272D640B00C8A1A6 /* LoginViewController.swift */ = {isa = PBXFileReference; lastKnownFileType = sourcecode.swift; path = LoginViewController.swift; sourceTree = "<group>"; };
		5249B73B272D65A800C8A1A6 /* CreateProfileViewController.swift */ = {isa = PBXFileReference; lastKnownFileType = sourcecode.swift; path = CreateProfileViewController.swift; sourceTree = "<group>"; };
		5249B73D272D6C3D00C8A1A6 /* FeedViewController.swift */ = {isa = PBXFileReference; lastKnownFileType = sourcecode.swift; path = FeedViewController.swift; sourceTree = "<group>"; };
		5249B73F272D6CFA00C8A1A6 /* CameraViewController.swift */ = {isa = PBXFileReference; lastKnownFileType = sourcecode.swift; path = CameraViewController.swift; sourceTree = "<group>"; };
		5249B741272D6D0800C8A1A6 /* SettingsViewController.swift */ = {isa = PBXFileReference; lastKnownFileType = sourcecode.swift; path = SettingsViewController.swift; sourceTree = "<group>"; };
		52EB2ADE272C71FF00EA9AF3 /* PhotoApp.app */ = {isa = PBXFileReference; explicitFileType = wrapper.application; includeInIndex = 0; path = PhotoApp.app; sourceTree = BUILT_PRODUCTS_DIR; };
		52EB2AE1272C71FF00EA9AF3 /* AppDelegate.swift */ = {isa = PBXFileReference; lastKnownFileType = sourcecode.swift; path = AppDelegate.swift; sourceTree = "<group>"; };
		52EB2AE3272C71FF00EA9AF3 /* SceneDelegate.swift */ = {isa = PBXFileReference; lastKnownFileType = sourcecode.swift; path = SceneDelegate.swift; sourceTree = "<group>"; };
		52EB2AE8272C71FF00EA9AF3 /* Base */ = {isa = PBXFileReference; lastKnownFileType = file.storyboard; name = Base; path = Base.lproj/Main.storyboard; sourceTree = "<group>"; };
		52EB2AEA272C71FF00EA9AF3 /* Assets.xcassets */ = {isa = PBXFileReference; lastKnownFileType = folder.assetcatalog; path = Assets.xcassets; sourceTree = "<group>"; };
		52EB2AED272C71FF00EA9AF3 /* Base */ = {isa = PBXFileReference; lastKnownFileType = file.storyboard; name = Base; path = Base.lproj/LaunchScreen.storyboard; sourceTree = "<group>"; };
		52EB2AEF272C71FF00EA9AF3 /* Info.plist */ = {isa = PBXFileReference; lastKnownFileType = text.plist.xml; path = Info.plist; sourceTree = "<group>"; };
		52EB2AF5272C728600EA9AF3 /* GoogleService-Info.plist */ = {isa = PBXFileReference; fileEncoding = 4; lastKnownFileType = text.plist.xml; path = "GoogleService-Info.plist"; sourceTree = "<group>"; };
		60706C060BE3F410910AADA6 /* Pods-PhotoApp.release.xcconfig */ = {isa = PBXFileReference; includeInIndex = 1; lastKnownFileType = text.xcconfig; name = "Pods-PhotoApp.release.xcconfig"; path = "Target Support Files/Pods-PhotoApp/Pods-PhotoApp.release.xcconfig"; sourceTree = "<group>"; };
		6774722B555C9DB1A21B54F6 /* Pods_PhotoApp.framework */ = {isa = PBXFileReference; explicitFileType = wrapper.framework; includeInIndex = 0; path = Pods_PhotoApp.framework; sourceTree = BUILT_PRODUCTS_DIR; };
/* End PBXFileReference section */

/* Begin PBXFrameworksBuildPhase section */
		52EB2ADB272C71FF00EA9AF3 /* Frameworks */ = {
			isa = PBXFrameworksBuildPhase;
			buildActionMask = 2147483647;
			files = (
				DD6319EF0957055A1A05382D /* Pods_PhotoApp.framework in Frameworks */,
			);
			runOnlyForDeploymentPostprocessing = 0;
		};
/* End PBXFrameworksBuildPhase section */

/* Begin PBXGroup section */
		5249B733272D632A00C8A1A6 /* Services */ = {
			isa = PBXGroup;
			children = (
				5207F89F272FF5F800299608 /* UserService.swift */,
				523AE57D2733D6E300FE4567 /* LocalStorageService.swift */,
				523AE5832734018F00FE4567 /* PhotoService.swift */,
				5211A3B227356BB8009CE7E8 /* ImageCacheService.swift */,
			);
			path = Services;
			sourceTree = "<group>";
		};
		5249B734272D633600C8A1A6 /* Stroryboards */ = {
			isa = PBXGroup;
			children = (
				52EB2AE7272C71FF00EA9AF3 /* Main.storyboard */,
				52EB2AEC272C71FF00EA9AF3 /* LaunchScreen.storyboard */,
			);
			path = Stroryboards;
			sourceTree = "<group>";
		};
		5249B735272D633F00C8A1A6 /* Helpers */ = {
			isa = PBXGroup;
			children = (
				5207F8A1272FFF3200299608 /* Constants.swift */,
			);
			path = Helpers;
			sourceTree = "<group>";
		};
		5249B736272D634B00C8A1A6 /* Views */ = {
			isa = PBXGroup;
			children = (
				5211A3B027355444009CE7E8 /* PhotoCell.swift */,
			);
			path = Views;
			sourceTree = "<group>";
		};
		5249B737272D635100C8A1A6 /* Models */ = {
			isa = PBXGroup;
			children = (
				5207F89D272FF5AD00299608 /* PhotoUser.swift */,
				523AE5812734010200FE4567 /* Photo.swift */,
			);
			path = Models;
			sourceTree = "<group>";
		};
		5249B738272D635F00C8A1A6 /* ViewControllers */ = {
			isa = PBXGroup;
			children = (
				5249B739272D640B00C8A1A6 /* LoginViewController.swift */,
				5249B73B272D65A800C8A1A6 /* CreateProfileViewController.swift */,
				5249B73D272D6C3D00C8A1A6 /* FeedViewController.swift */,
				5249B73F272D6CFA00C8A1A6 /* CameraViewController.swift */,
				5249B741272D6D0800C8A1A6 /* SettingsViewController.swift */,
				523AE57F2733F02100FE4567 /* MainTabBarController.swift */,
			);
			path = ViewControllers;
			sourceTree = "<group>";
		};
		52995392D115B3A06D487D8C /* Pods */ = {
			isa = PBXGroup;
			children = (
				4DA634EFF145A35C8742CC3C /* Pods-PhotoApp.debug.xcconfig */,
				60706C060BE3F410910AADA6 /* Pods-PhotoApp.release.xcconfig */,
			);
			path = Pods;
			sourceTree = "<group>";
		};
		52EB2AD5272C71FE00EA9AF3 = {
			isa = PBXGroup;
			children = (
				52EB2AE0272C71FF00EA9AF3 /* PhotoApp */,
				52EB2ADF272C71FF00EA9AF3 /* Products */,
				52995392D115B3A06D487D8C /* Pods */,
				BC3DAC6101B4191D51DD1DC1 /* Frameworks */,
			);
			sourceTree = "<group>";
		};
		52EB2ADF272C71FF00EA9AF3 /* Products */ = {
			isa = PBXGroup;
			children = (
				52EB2ADE272C71FF00EA9AF3 /* PhotoApp.app */,
			);
			name = Products;
			sourceTree = "<group>";
		};
		52EB2AE0272C71FF00EA9AF3 /* PhotoApp */ = {
			isa = PBXGroup;
			children = (
				52EB2AE1272C71FF00EA9AF3 /* AppDelegate.swift */,
				52EB2AE3272C71FF00EA9AF3 /* SceneDelegate.swift */,
				5249B734272D633600C8A1A6 /* Stroryboards */,
				5249B738272D635F00C8A1A6 /* ViewControllers */,
				5249B737272D635100C8A1A6 /* Models */,
				5249B736272D634B00C8A1A6 /* Views */,
				5249B735272D633F00C8A1A6 /* Helpers */,
				5249B733272D632A00C8A1A6 /* Services */,
				52EB2AEA272C71FF00EA9AF3 /* Assets.xcassets */,
				52EB2AEF272C71FF00EA9AF3 /* Info.plist */,
				52EB2AF5272C728600EA9AF3 /* GoogleService-Info.plist */,
			);
			path = PhotoApp;
			sourceTree = "<group>";
		};
		BC3DAC6101B4191D51DD1DC1 /* Frameworks */ = {
			isa = PBXGroup;
			children = (
				6774722B555C9DB1A21B54F6 /* Pods_PhotoApp.framework */,
			);
			name = Frameworks;
			sourceTree = "<group>";
		};
/* End PBXGroup section */

/* Begin PBXNativeTarget section */
		52EB2ADD272C71FF00EA9AF3 /* PhotoApp */ = {
			isa = PBXNativeTarget;
			buildConfigurationList = 52EB2AF2272C71FF00EA9AF3 /* Build configuration list for PBXNativeTarget "PhotoApp" */;
			buildPhases = (
				698260E34E9D46620CAA9D30 /* [CP] Check Pods Manifest.lock */,
				52EB2ADA272C71FF00EA9AF3 /* Sources */,
				52EB2ADB272C71FF00EA9AF3 /* Frameworks */,
				52EB2ADC272C71FF00EA9AF3 /* Resources */,
				8E740DF05EDED7092DA9D9AD /* [CP] Embed Pods Frameworks */,
				34445475F59E320F73E391C6 /* [CP] Copy Pods Resources */,
			);
			buildRules = (
			);
			dependencies = (
			);
			name = PhotoApp;
			productName = PhotoApp;
			productReference = 52EB2ADE272C71FF00EA9AF3 /* PhotoApp.app */;
			productType = "com.apple.product-type.application";
		};
/* End PBXNativeTarget section */

/* Begin PBXProject section */
		52EB2AD6272C71FE00EA9AF3 /* Project object */ = {
			isa = PBXProject;
			attributes = {
				LastSwiftUpdateCheck = 1250;
				LastUpgradeCheck = 1250;
				TargetAttributes = {
					52EB2ADD272C71FF00EA9AF3 = {
						CreatedOnToolsVersion = 12.5;
					};
				};
			};
			buildConfigurationList = 52EB2AD9272C71FE00EA9AF3 /* Build configuration list for PBXProject "PhotoApp" */;
			compatibilityVersion = "Xcode 9.3";
			developmentRegion = en;
			hasScannedForEncodings = 0;
			knownRegions = (
				en,
				Base,
			);
			mainGroup = 52EB2AD5272C71FE00EA9AF3;
			productRefGroup = 52EB2ADF272C71FF00EA9AF3 /* Products */;
			projectDirPath = "";
			projectRoot = "";
			targets = (
				52EB2ADD272C71FF00EA9AF3 /* PhotoApp */,
			);
		};
/* End PBXProject section */

/* Begin PBXResourcesBuildPhase section */
		52EB2ADC272C71FF00EA9AF3 /* Resources */ = {
			isa = PBXResourcesBuildPhase;
			buildActionMask = 2147483647;
			files = (
				52EB2AEE272C71FF00EA9AF3 /* LaunchScreen.storyboard in Resources */,
				52EB2AF6272C728600EA9AF3 /* GoogleService-Info.plist in Resources */,
				52EB2AEB272C71FF00EA9AF3 /* Assets.xcassets in Resources */,
				52EB2AE9272C71FF00EA9AF3 /* Main.storyboard in Resources */,
			);
			runOnlyForDeploymentPostprocessing = 0;
		};
/* End PBXResourcesBuildPhase section */

/* Begin PBXShellScriptBuildPhase section */
		34445475F59E320F73E391C6 /* [CP] Copy Pods Resources */ = {
			isa = PBXShellScriptBuildPhase;
			buildActionMask = 2147483647;
			files = (
			);
			inputFileListPaths = (
				"${PODS_ROOT}/Target Support Files/Pods-PhotoApp/Pods-PhotoApp-resources-${CONFIGURATION}-input-files.xcfilelist",
			);
			name = "[CP] Copy Pods Resources";
			outputFileListPaths = (
				"${PODS_ROOT}/Target Support Files/Pods-PhotoApp/Pods-PhotoApp-resources-${CONFIGURATION}-output-files.xcfilelist",
			);
			runOnlyForDeploymentPostprocessing = 0;
			shellPath = /bin/sh;
			shellScript = "\"${PODS_ROOT}/Target Support Files/Pods-PhotoApp/Pods-PhotoApp-resources.sh\"\n";
			showEnvVarsInLog = 0;
		};
		698260E34E9D46620CAA9D30 /* [CP] Check Pods Manifest.lock */ = {
			isa = PBXShellScriptBuildPhase;
			buildActionMask = 2147483647;
			files = (
			);
			inputFileListPaths = (
			);
			inputPaths = (
				"${PODS_PODFILE_DIR_PATH}/Podfile.lock",
				"${PODS_ROOT}/Manifest.lock",
			);
			name = "[CP] Check Pods Manifest.lock";
			outputFileListPaths = (
			);
			outputPaths = (
				"$(DERIVED_FILE_DIR)/Pods-PhotoApp-checkManifestLockResult.txt",
			);
			runOnlyForDeploymentPostprocessing = 0;
			shellPath = /bin/sh;
			shellScript = "diff \"${PODS_PODFILE_DIR_PATH}/Podfile.lock\" \"${PODS_ROOT}/Manifest.lock\" > /dev/null\nif [ $? != 0 ] ; then\n    # print error to STDERR\n    echo \"error: The sandbox is not in sync with the Podfile.lock. Run 'pod install' or update your CocoaPods installation.\" >&2\n    exit 1\nfi\n# This output is used by Xcode 'outputs' to avoid re-running this script phase.\necho \"SUCCESS\" > \"${SCRIPT_OUTPUT_FILE_0}\"\n";
			showEnvVarsInLog = 0;
		};
		8E740DF05EDED7092DA9D9AD /* [CP] Embed Pods Frameworks */ = {
			isa = PBXShellScriptBuildPhase;
			buildActionMask = 2147483647;
			files = (
			);
			inputFileListPaths = (
				"${PODS_ROOT}/Target Support Files/Pods-PhotoApp/Pods-PhotoApp-frameworks-${CONFIGURATION}-input-files.xcfilelist",
			);
			name = "[CP] Embed Pods Frameworks";
			outputFileListPaths = (
				"${PODS_ROOT}/Target Support Files/Pods-PhotoApp/Pods-PhotoApp-frameworks-${CONFIGURATION}-output-files.xcfilelist",
			);
			runOnlyForDeploymentPostprocessing = 0;
			shellPath = /bin/sh;
			shellScript = "\"${PODS_ROOT}/Target Support Files/Pods-PhotoApp/Pods-PhotoApp-frameworks.sh\"\n";
			showEnvVarsInLog = 0;
		};
/* End PBXShellScriptBuildPhase section */

/* Begin PBXSourcesBuildPhase section */
		52EB2ADA272C71FF00EA9AF3 /* Sources */ = {
			isa = PBXSourcesBuildPhase;
			buildActionMask = 2147483647;
			files = (
				5249B73C272D65A800C8A1A6 /* CreateProfileViewController.swift in Sources */,
				5211A3B127355444009CE7E8 /* PhotoCell.swift in Sources */,
				5249B73A272D640B00C8A1A6 /* LoginViewController.swift in Sources */,
				523AE5802733F02100FE4567 /* MainTabBarController.swift in Sources */,
				5207F8A0272FF5F800299608 /* UserService.swift in Sources */,
				5249B742272D6D0800C8A1A6 /* SettingsViewController.swift in Sources */,
				5207F89E272FF5AD00299608 /* PhotoUser.swift in Sources */,
				523AE5842734018F00FE4567 /* PhotoService.swift in Sources */,
				523AE5822734010200FE4567 /* Photo.swift in Sources */,
				5207F8A2272FFF3200299608 /* Constants.swift in Sources */,
				5211A3B327356BB8009CE7E8 /* ImageCacheService.swift in Sources */,
				5249B73E272D6C3D00C8A1A6 /* FeedViewController.swift in Sources */,
				52EB2AE2272C71FF00EA9AF3 /* AppDelegate.swift in Sources */,
				52EB2AE4272C71FF00EA9AF3 /* SceneDelegate.swift in Sources */,
				5249B740272D6CFA00C8A1A6 /* CameraViewController.swift in Sources */,
				523AE57E2733D6E300FE4567 /* LocalStorageService.swift in Sources */,
			);
			runOnlyForDeploymentPostprocessing = 0;
		};
/* End PBXSourcesBuildPhase section */

/* Begin PBXVariantGroup section */
		52EB2AE7272C71FF00EA9AF3 /* Main.storyboard */ = {
			isa = PBXVariantGroup;
			children = (
				52EB2AE8272C71FF00EA9AF3 /* Base */,
			);
			name = Main.storyboard;
			sourceTree = "<group>";
		};
		52EB2AEC272C71FF00EA9AF3 /* LaunchScreen.storyboard */ = {
			isa = PBXVariantGroup;
			children = (
				52EB2AED272C71FF00EA9AF3 /* Base */,
			);
			name = LaunchScreen.storyboard;
			sourceTree = "<group>";
		};
/* End PBXVariantGroup section */

/* Begin XCBuildConfiguration section */
		52EB2AF0272C71FF00EA9AF3 /* Debug */ = {
			isa = XCBuildConfiguration;
			buildSettings = {
				ALWAYS_SEARCH_USER_PATHS = NO;
				CLANG_ANALYZER_NONNULL = YES;
				CLANG_ANALYZER_NUMBER_OBJECT_CONVERSION = YES_AGGRESSIVE;
				CLANG_CXX_LANGUAGE_STANDARD = "gnu++14";
				CLANG_CXX_LIBRARY = "libc++";
				CLANG_ENABLE_MODULES = YES;
				CLANG_ENABLE_OBJC_ARC = YES;
				CLANG_ENABLE_OBJC_WEAK = YES;
				CLANG_WARN_BLOCK_CAPTURE_AUTORELEASING = YES;
				CLANG_WARN_BOOL_CONVERSION = YES;
				CLANG_WARN_COMMA = YES;
				CLANG_WARN_CONSTANT_CONVERSION = YES;
				CLANG_WARN_DEPRECATED_OBJC_IMPLEMENTATIONS = YES;
				CLANG_WARN_DIRECT_OBJC_ISA_USAGE = YES_ERROR;
				CLANG_WARN_DOCUMENTATION_COMMENTS = YES;
				CLANG_WARN_EMPTY_BODY = YES;
				CLANG_WARN_ENUM_CONVERSION = YES;
				CLANG_WARN_INFINITE_RECURSION = YES;
				CLANG_WARN_INT_CONVERSION = YES;
				CLANG_WARN_NON_LITERAL_NULL_CONVERSION = YES;
				CLANG_WARN_OBJC_IMPLICIT_RETAIN_SELF = YES;
				CLANG_WARN_OBJC_LITERAL_CONVERSION = YES;
				CLANG_WARN_OBJC_ROOT_CLASS = YES_ERROR;
				CLANG_WARN_QUOTED_INCLUDE_IN_FRAMEWORK_HEADER = YES;
				CLANG_WARN_RANGE_LOOP_ANALYSIS = YES;
				CLANG_WARN_STRICT_PROTOTYPES = YES;
				CLANG_WARN_SUSPICIOUS_MOVE = YES;
				CLANG_WARN_UNGUARDED_AVAILABILITY = YES_AGGRESSIVE;
				CLANG_WARN_UNREACHABLE_CODE = YES;
				CLANG_WARN__DUPLICATE_METHOD_MATCH = YES;
				COPY_PHASE_STRIP = NO;
				DEBUG_INFORMATION_FORMAT = dwarf;
				ENABLE_STRICT_OBJC_MSGSEND = YES;
				ENABLE_TESTABILITY = YES;
				GCC_C_LANGUAGE_STANDARD = gnu11;
				GCC_DYNAMIC_NO_PIC = NO;
				GCC_NO_COMMON_BLOCKS = YES;
				GCC_OPTIMIZATION_LEVEL = 0;
				GCC_PREPROCESSOR_DEFINITIONS = (
					"DEBUG=1",
					"$(inherited)",
				);
				GCC_WARN_64_TO_32_BIT_CONVERSION = YES;
				GCC_WARN_ABOUT_RETURN_TYPE = YES_ERROR;
				GCC_WARN_UNDECLARED_SELECTOR = YES;
				GCC_WARN_UNINITIALIZED_AUTOS = YES_AGGRESSIVE;
				GCC_WARN_UNUSED_FUNCTION = YES;
				GCC_WARN_UNUSED_VARIABLE = YES;
				IPHONEOS_DEPLOYMENT_TARGET = 14.5;
				MTL_ENABLE_DEBUG_INFO = INCLUDE_SOURCE;
				MTL_FAST_MATH = YES;
				ONLY_ACTIVE_ARCH = YES;
				SDKROOT = iphoneos;
				SWIFT_ACTIVE_COMPILATION_CONDITIONS = DEBUG;
				SWIFT_OPTIMIZATION_LEVEL = "-Onone";
			};
			name = Debug;
		};
		52EB2AF1272C71FF00EA9AF3 /* Release */ = {
			isa = XCBuildConfiguration;
			buildSettings = {
				ALWAYS_SEARCH_USER_PATHS = NO;
				CLANG_ANALYZER_NONNULL = YES;
				CLANG_ANALYZER_NUMBER_OBJECT_CONVERSION = YES_AGGRESSIVE;
				CLANG_CXX_LANGUAGE_STANDARD = "gnu++14";
				CLANG_CXX_LIBRARY = "libc++";
				CLANG_ENABLE_MODULES = YES;
				CLANG_ENABLE_OBJC_ARC = YES;
				CLANG_ENABLE_OBJC_WEAK = YES;
				CLANG_WARN_BLOCK_CAPTURE_AUTORELEASING = YES;
				CLANG_WARN_BOOL_CONVERSION = YES;
				CLANG_WARN_COMMA = YES;
				CLANG_WARN_CONSTANT_CONVERSION = YES;
				CLANG_WARN_DEPRECATED_OBJC_IMPLEMENTATIONS = YES;
				CLANG_WARN_DIRECT_OBJC_ISA_USAGE = YES_ERROR;
				CLANG_WARN_DOCUMENTATION_COMMENTS = YES;
				CLANG_WARN_EMPTY_BODY = YES;
				CLANG_WARN_ENUM_CONVERSION = YES;
				CLANG_WARN_INFINITE_RECURSION = YES;
				CLANG_WARN_INT_CONVERSION = YES;
				CLANG_WARN_NON_LITERAL_NULL_CONVERSION = YES;
				CLANG_WARN_OBJC_IMPLICIT_RETAIN_SELF = YES;
				CLANG_WARN_OBJC_LITERAL_CONVERSION = YES;
				CLANG_WARN_OBJC_ROOT_CLASS = YES_ERROR;
				CLANG_WARN_QUOTED_INCLUDE_IN_FRAMEWORK_HEADER = YES;
				CLANG_WARN_RANGE_LOOP_ANALYSIS = YES;
				CLANG_WARN_STRICT_PROTOTYPES = YES;
				CLANG_WARN_SUSPICIOUS_MOVE = YES;
				CLANG_WARN_UNGUARDED_AVAILABILITY = YES_AGGRESSIVE;
				CLANG_WARN_UNREACHABLE_CODE = YES;
				CLANG_WARN__DUPLICATE_METHOD_MATCH = YES;
				COPY_PHASE_STRIP = NO;
				DEBUG_INFORMATION_FORMAT = "dwarf-with-dsym";
				ENABLE_NS_ASSERTIONS = NO;
				ENABLE_STRICT_OBJC_MSGSEND = YES;
				GCC_C_LANGUAGE_STANDARD = gnu11;
				GCC_NO_COMMON_BLOCKS = YES;
				GCC_WARN_64_TO_32_BIT_CONVERSION = YES;
				GCC_WARN_ABOUT_RETURN_TYPE = YES_ERROR;
				GCC_WARN_UNDECLARED_SELECTOR = YES;
				GCC_WARN_UNINITIALIZED_AUTOS = YES_AGGRESSIVE;
				GCC_WARN_UNUSED_FUNCTION = YES;
				GCC_WARN_UNUSED_VARIABLE = YES;
				IPHONEOS_DEPLOYMENT_TARGET = 14.5;
				MTL_ENABLE_DEBUG_INFO = NO;
				MTL_FAST_MATH = YES;
				SDKROOT = iphoneos;
				SWIFT_COMPILATION_MODE = wholemodule;
				SWIFT_OPTIMIZATION_LEVEL = "-O";
				VALIDATE_PRODUCT = YES;
			};
			name = Release;
		};
		52EB2AF3272C71FF00EA9AF3 /* Debug */ = {
			isa = XCBuildConfiguration;
			baseConfigurationReference = 4DA634EFF145A35C8742CC3C /* Pods-PhotoApp.debug.xcconfig */;
			buildSettings = {
				ASSETCATALOG_COMPILER_APPICON_NAME = AppIcon;
				ASSETCATALOG_COMPILER_GLOBAL_ACCENT_COLOR_NAME = AccentColor;
				CODE_SIGN_STYLE = Automatic;
				DEVELOPMENT_TEAM = 3A9GN9NGYL;
				INFOPLIST_FILE = PhotoApp/Info.plist;
				LD_RUNPATH_SEARCH_PATHS = (
					"$(inherited)",
					"@executable_path/Frameworks",
				);
				PRODUCT_BUNDLE_IDENTIFIER = com.MichaelShustov.PhotoApp;
				PRODUCT_NAME = "$(TARGET_NAME)";
				SWIFT_VERSION = 5.0;
				TARGETED_DEVICE_FAMILY = "1,2";
			};
			name = Debug;
		};
		52EB2AF4272C71FF00EA9AF3 /* Release */ = {
			isa = XCBuildConfiguration;
			baseConfigurationReference = 60706C060BE3F410910AADA6 /* Pods-PhotoApp.release.xcconfig */;
			buildSettings = {
				ASSETCATALOG_COMPILER_APPICON_NAME = AppIcon;
				ASSETCATALOG_COMPILER_GLOBAL_ACCENT_COLOR_NAME = AccentColor;
				CODE_SIGN_STYLE = Automatic;
				DEVELOPMENT_TEAM = 3A9GN9NGYL;
				INFOPLIST_FILE = PhotoApp/Info.plist;
				LD_RUNPATH_SEARCH_PATHS = (
					"$(inherited)",
					"@executable_path/Frameworks",
				);
				PRODUCT_BUNDLE_IDENTIFIER = com.MichaelShustov.PhotoApp;
				PRODUCT_NAME = "$(TARGET_NAME)";
				SWIFT_VERSION = 5.0;
				TARGETED_DEVICE_FAMILY = "1,2";
			};
			name = Release;
		};
/* End XCBuildConfiguration section */

/* Begin XCConfigurationList section */
		52EB2AD9272C71FE00EA9AF3 /* Build configuration list for PBXProject "PhotoApp" */ = {
			isa = XCConfigurationList;
			buildConfigurations = (
				52EB2AF0272C71FF00EA9AF3 /* Debug */,
				52EB2AF1272C71FF00EA9AF3 /* Release */,
			);
			defaultConfigurationIsVisible = 0;
			defaultConfigurationName = Release;
		};
		52EB2AF2272C71FF00EA9AF3 /* Build configuration list for PBXNativeTarget "PhotoApp" */ = {
			isa = XCConfigurationList;
			buildConfigurations = (
				52EB2AF3272C71FF00EA9AF3 /* Debug */,
				52EB2AF4272C71FF00EA9AF3 /* Release */,
			);
			defaultConfigurationIsVisible = 0;
			defaultConfigurationName = Release;
		};
/* End XCConfigurationList section */
	};
	rootObject = 52EB2AD6272C71FE00EA9AF3 /* Project object */;
}
